
Microsoft Visual Studio Solution File, Format Version 12.00
# Visual Studio Version 17
VisualStudioVersion = 17.8.34330.188
MinimumVisualStudioVersion = 10.0.40219.1
Project("{FAE04EC0-301F-11D3-BF4B-00C04F79EFBC}") = "WarehouseMaster", "WarehouseMaster\WarehouseMaster.csproj", "{1F73C4EB-BCEE-41C1-BE1D-09B4325EF27E}"
EndProject
Project("{FAE04EC0-301F-11D3-BF4B-00C04F79EFBC}") = "WarehouseMaster.Data", "WarehouseMaster.Data\WarehouseMaster.Data.csproj", "{37DF59BE-8137-47E1-B571-232DF480EC10}"
EndProject
Project("{FAE04EC0-301F-11D3-BF4B-00C04F79EFBC}") = "WarehouseMaster.Domain", "WarehouseMaster.Domain\WarehouseMaster.Domain.csproj", "{2F44E1AD-0738-4A5D-BA3C-BAE387A8A016}"
EndProject
Project("{FAE04EC0-301F-11D3-BF4B-00C04F79EFBC}") = "WarehouseMaster.Common", "WarehouseMaster.Common\WarehouseMaster.Common.csproj", "{622902F6-FACB-4115-B430-432B827A1914}"
EndProject
Project("{2150E333-8FDC-42A3-9474-1A3956D46DE8}") = "AuthService", "AuthService", "{52CD1C97-C7D3-4E4C-AFF9-779427865B6A}"
EndProject
Project("{FAE04EC0-301F-11D3-BF4B-00C04F79EFBC}") = "AuthService.Core", "AuthService.Core\AuthService.Core.csproj", "{437BF89C-E62F-4980-BF22-59EDA52DAADC}"
EndProject
Project("{FAE04EC0-301F-11D3-BF4B-00C04F79EFBC}") = "AuthService.API", "AuthService.API\AuthService.API.csproj", "{312E8CBF-4885-4515-9E16-7B356711F659}"
EndProject
Project("{FAE04EC0-301F-11D3-BF4B-00C04F79EFBC}") = "AuthService.Data", "AuthService.Data\AuthService.Data.csproj", "{0CEF5761-7DE7-4375-BCBD-CD672DB9FE68}"
EndProject
Project("{2150E333-8FDC-42A3-9474-1A3956D46DE8}") = "ActorService", "ActorService", "{30BEC6BE-5E0A-4920-920E-D65012C7FCFC}"
EndProject
Project("{FAE04EC0-301F-11D3-BF4B-00C04F79EFBC}") = "ActorService.Core", "ActorService.Core\ActorService.Core.csproj", "{7C76AAC5-4182-4792-872E-D98AC4E20577}"
EndProject
Project("{FAE04EC0-301F-11D3-BF4B-00C04F79EFBC}") = "ActorService.Data", "ActorService.Data\ActorService.Data.csproj", "{D7530219-6E83-4D19-9ADE-28E3A6CC423E}"
EndProject
Project("{FAE04EC0-301F-11D3-BF4B-00C04F79EFBC}") = "ActorService.API", "ActorService.API\ActorService.API.csproj", "{A5D9A556-BBF1-4619-BFF6-5139039EFEA6}"
EndProject
Project("{2150E333-8FDC-42A3-9474-1A3956D46DE8}") = "WarehouseService", "WarehouseService", "{21DC2913-BEF4-4E36-A32D-B3FF821A2E3D}"
EndProject
Project("{FAE04EC0-301F-11D3-BF4B-00C04F79EFBC}") = "WarehouseService.API", "WarehouseService.API\WarehouseService.API.csproj", "{76888C38-7F19-4084-B479-9EBB67F3665E}"
EndProject
Project("{FAE04EC0-301F-11D3-BF4B-00C04F79EFBC}") = "WarehouseService.Core", "WarehouseService.Core\WarehouseService.Core.csproj", "{EA6CF932-9501-44E1-B65E-6AF2FA534E69}"
EndProject
Project("{FAE04EC0-301F-11D3-BF4B-00C04F79EFBC}") = "WarehouseService.Data", "WarehouseService.Data\WarehouseService.Data.csproj", "{D77F9E05-4410-4602-BBBB-88458181FF8A}"
EndProject
Project("{2150E333-8FDC-42A3-9474-1A3956D46DE8}") = "ProductService", "ProductService", "{9E203927-B66D-4233-A275-7D08A8006A86}"
EndProject
Project("{FAE04EC0-301F-11D3-BF4B-00C04F79EFBC}") = "ProductService.Core", "ProductService.Core\ProductService.Core.csproj", "{3C432080-760E-43E0-B902-8F6461C02D91}"
EndProject
Project("{FAE04EC0-301F-11D3-BF4B-00C04F79EFBC}") = "ProductService.Data", "ProductService.Data\ProductService.Data.csproj", "{28484A0C-A5CB-444D-BA10-1C324093428B}"
EndProject
Project("{FAE04EC0-301F-11D3-BF4B-00C04F79EFBC}") = "ProductService.API", "ProductService.API\ProductService.API.csproj", "{C566F18B-9A36-4F9D-A316-6A96707B2A64}"
EndProject
Global
	GlobalSection(SolutionConfigurationPlatforms) = preSolution
		Debug|Any CPU = Debug|Any CPU
		Release|Any CPU = Release|Any CPU
	EndGlobalSection
	GlobalSection(ProjectConfigurationPlatforms) = postSolution
		{1F73C4EB-BCEE-41C1-BE1D-09B4325EF27E}.Debug|Any CPU.ActiveCfg = Debug|Any CPU
		{1F73C4EB-BCEE-41C1-BE1D-09B4325EF27E}.Debug|Any CPU.Build.0 = Debug|Any CPU
		{1F73C4EB-BCEE-41C1-BE1D-09B4325EF27E}.Release|Any CPU.ActiveCfg = Release|Any CPU
		{1F73C4EB-BCEE-41C1-BE1D-09B4325EF27E}.Release|Any CPU.Build.0 = Release|Any CPU
		{37DF59BE-8137-47E1-B571-232DF480EC10}.Debug|Any CPU.ActiveCfg = Debug|Any CPU
		{37DF59BE-8137-47E1-B571-232DF480EC10}.Debug|Any CPU.Build.0 = Debug|Any CPU
		{37DF59BE-8137-47E1-B571-232DF480EC10}.Release|Any CPU.ActiveCfg = Release|Any CPU
		{37DF59BE-8137-47E1-B571-232DF480EC10}.Release|Any CPU.Build.0 = Release|Any CPU
		{2F44E1AD-0738-4A5D-BA3C-BAE387A8A016}.Debug|Any CPU.ActiveCfg = Debug|Any CPU
		{2F44E1AD-0738-4A5D-BA3C-BAE387A8A016}.Debug|Any CPU.Build.0 = Debug|Any CPU
		{2F44E1AD-0738-4A5D-BA3C-BAE387A8A016}.Release|Any CPU.ActiveCfg = Release|Any CPU
		{2F44E1AD-0738-4A5D-BA3C-BAE387A8A016}.Release|Any CPU.Build.0 = Release|Any CPU
		{622902F6-FACB-4115-B430-432B827A1914}.Debug|Any CPU.ActiveCfg = Debug|Any CPU
		{622902F6-FACB-4115-B430-432B827A1914}.Debug|Any CPU.Build.0 = Debug|Any CPU
		{622902F6-FACB-4115-B430-432B827A1914}.Release|Any CPU.ActiveCfg = Release|Any CPU
		{622902F6-FACB-4115-B430-432B827A1914}.Release|Any CPU.Build.0 = Release|Any CPU
		{437BF89C-E62F-4980-BF22-59EDA52DAADC}.Debug|Any CPU.ActiveCfg = Debug|Any CPU
		{437BF89C-E62F-4980-BF22-59EDA52DAADC}.Debug|Any CPU.Build.0 = Debug|Any CPU
		{437BF89C-E62F-4980-BF22-59EDA52DAADC}.Release|Any CPU.ActiveCfg = Release|Any CPU
		{437BF89C-E62F-4980-BF22-59EDA52DAADC}.Release|Any CPU.Build.0 = Release|Any CPU
		{312E8CBF-4885-4515-9E16-7B356711F659}.Debug|Any CPU.ActiveCfg = Debug|Any CPU
		{312E8CBF-4885-4515-9E16-7B356711F659}.Debug|Any CPU.Build.0 = Debug|Any CPU
		{312E8CBF-4885-4515-9E16-7B356711F659}.Release|Any CPU.ActiveCfg = Release|Any CPU
		{312E8CBF-4885-4515-9E16-7B356711F659}.Release|Any CPU.Build.0 = Release|Any CPU
		{0CEF5761-7DE7-4375-BCBD-CD672DB9FE68}.Debug|Any CPU.ActiveCfg = Debug|Any CPU
		{0CEF5761-7DE7-4375-BCBD-CD672DB9FE68}.Debug|Any CPU.Build.0 = Debug|Any CPU
		{0CEF5761-7DE7-4375-BCBD-CD672DB9FE68}.Release|Any CPU.ActiveCfg = Release|Any CPU
		{0CEF5761-7DE7-4375-BCBD-CD672DB9FE68}.Release|Any CPU.Build.0 = Release|Any CPU
		{7C76AAC5-4182-4792-872E-D98AC4E20577}.Debug|Any CPU.ActiveCfg = Debug|Any CPU
		{7C76AAC5-4182-4792-872E-D98AC4E20577}.Debug|Any CPU.Build.0 = Debug|Any CPU
		{7C76AAC5-4182-4792-872E-D98AC4E20577}.Release|Any CPU.ActiveCfg = Release|Any CPU
		{7C76AAC5-4182-4792-872E-D98AC4E20577}.Release|Any CPU.Build.0 = Release|Any CPU
		{D7530219-6E83-4D19-9ADE-28E3A6CC423E}.Debug|Any CPU.ActiveCfg = Debug|Any CPU
		{D7530219-6E83-4D19-9ADE-28E3A6CC423E}.Debug|Any CPU.Build.0 = Debug|Any CPU
		{D7530219-6E83-4D19-9ADE-28E3A6CC423E}.Release|Any CPU.ActiveCfg = Release|Any CPU
		{D7530219-6E83-4D19-9ADE-28E3A6CC423E}.Release|Any CPU.Build.0 = Release|Any CPU
		{A5D9A556-BBF1-4619-BFF6-5139039EFEA6}.Debug|Any CPU.ActiveCfg = Debug|Any CPU
		{A5D9A556-BBF1-4619-BFF6-5139039EFEA6}.Debug|Any CPU.Build.0 = Debug|Any CPU
		{A5D9A556-BBF1-4619-BFF6-5139039EFEA6}.Release|Any CPU.ActiveCfg = Release|Any CPU
		{A5D9A556-BBF1-4619-BFF6-5139039EFEA6}.Release|Any CPU.Build.0 = Release|Any CPU
		{76888C38-7F19-4084-B479-9EBB67F3665E}.Debug|Any CPU.ActiveCfg = Debug|Any CPU
		{76888C38-7F19-4084-B479-9EBB67F3665E}.Debug|Any CPU.Build.0 = Debug|Any CPU
		{76888C38-7F19-4084-B479-9EBB67F3665E}.Release|Any CPU.ActiveCfg = Release|Any CPU
		{76888C38-7F19-4084-B479-9EBB67F3665E}.Release|Any CPU.Build.0 = Release|Any CPU
		{EA6CF932-9501-44E1-B65E-6AF2FA534E69}.Debug|Any CPU.ActiveCfg = Debug|Any CPU
		{EA6CF932-9501-44E1-B65E-6AF2FA534E69}.Debug|Any CPU.Build.0 = Debug|Any CPU
		{EA6CF932-9501-44E1-B65E-6AF2FA534E69}.Release|Any CPU.ActiveCfg = Release|Any CPU
		{EA6CF932-9501-44E1-B65E-6AF2FA534E69}.Release|Any CPU.Build.0 = Release|Any CPU
		{D77F9E05-4410-4602-BBBB-88458181FF8A}.Debug|Any CPU.ActiveCfg = Debug|Any CPU
		{D77F9E05-4410-4602-BBBB-88458181FF8A}.Debug|Any CPU.Build.0 = Debug|Any CPU
		{D77F9E05-4410-4602-BBBB-88458181FF8A}.Release|Any CPU.ActiveCfg = Release|Any CPU
		{D77F9E05-4410-4602-BBBB-88458181FF8A}.Release|Any CPU.Build.0 = Release|Any CPU
		{3C432080-760E-43E0-B902-8F6461C02D91}.Debug|Any CPU.ActiveCfg = Debug|Any CPU
		{3C432080-760E-43E0-B902-8F6461C02D91}.Debug|Any CPU.Build.0 = Debug|Any CPU
		{3C432080-760E-43E0-B902-8F6461C02D91}.Release|Any CPU.ActiveCfg = Release|Any CPU
		{3C432080-760E-43E0-B902-8F6461C02D91}.Release|Any CPU.Build.0 = Release|Any CPU
		{28484A0C-A5CB-444D-BA10-1C324093428B}.Debug|Any CPU.ActiveCfg = Debug|Any CPU
		{28484A0C-A5CB-444D-BA10-1C324093428B}.Debug|Any CPU.Build.0 = Debug|Any CPU
		{28484A0C-A5CB-444D-BA10-1C324093428B}.Release|Any CPU.ActiveCfg = Release|Any CPU
		{28484A0C-A5CB-444D-BA10-1C324093428B}.Release|Any CPU.Build.0 = Release|Any CPU
		{C566F18B-9A36-4F9D-A316-6A96707B2A64}.Debug|Any CPU.ActiveCfg = Debug|Any CPU
		{C566F18B-9A36-4F9D-A316-6A96707B2A64}.Debug|Any CPU.Build.0 = Debug|Any CPU
		{C566F18B-9A36-4F9D-A316-6A96707B2A64}.Release|Any CPU.ActiveCfg = Release|Any CPU
		{C566F18B-9A36-4F9D-A316-6A96707B2A64}.Release|Any CPU.Build.0 = Release|Any CPU
	EndGlobalSection
	GlobalSection(SolutionProperties) = preSolution
		HideSolutionNode = FALSE
	EndGlobalSection
	GlobalSection(ExtensibilityGlobals) = postSolution
		SolutionGuid = {D5FB9105-66B0-470B-949B-48B46BA67090}
	EndGlobalSection
	GlobalSection(NestedProjects) = preSolution
		{437BF89C-E62F-4980-BF22-59EDA52DAADC} = {52CD1C97-C7D3-4E4C-AFF9-779427865B6A}
		{312E8CBF-4885-4515-9E16-7B356711F659} = {52CD1C97-C7D3-4E4C-AFF9-779427865B6A}
		{0CEF5761-7DE7-4375-BCBD-CD672DB9FE68} = {52CD1C97-C7D3-4E4C-AFF9-779427865B6A}
		{7C76AAC5-4182-4792-872E-D98AC4E20577} = {30BEC6BE-5E0A-4920-920E-D65012C7FCFC}
		{D7530219-6E83-4D19-9ADE-28E3A6CC423E} = {30BEC6BE-5E0A-4920-920E-D65012C7FCFC}
		{A5D9A556-BBF1-4619-BFF6-5139039EFEA6} = {30BEC6BE-5E0A-4920-920E-D65012C7FCFC}
		{76888C38-7F19-4084-B479-9EBB67F3665E} = {21DC2913-BEF4-4E36-A32D-B3FF821A2E3D}
		{EA6CF932-9501-44E1-B65E-6AF2FA534E69} = {21DC2913-BEF4-4E36-A32D-B3FF821A2E3D}
		{D77F9E05-4410-4602-BBBB-88458181FF8A} = {21DC2913-BEF4-4E36-A32D-B3FF821A2E3D}
		{3C432080-760E-43E0-B902-8F6461C02D91} = {9E203927-B66D-4233-A275-7D08A8006A86}
		{28484A0C-A5CB-444D-BA10-1C324093428B} = {9E203927-B66D-4233-A275-7D08A8006A86}
		{C566F18B-9A36-4F9D-A316-6A96707B2A64} = {9E203927-B66D-4233-A275-7D08A8006A86}
	EndGlobalSection
EndGlobal
