
Microsoft Visual Studio Solution File, Format Version 12.00
# Visual Studio Version 17
VisualStudioVersion = 17.8.34330.188
MinimumVisualStudioVersion = 10.0.40219.1
Project("{FAE04EC0-301F-11D3-BF4B-00C04F79EFBC}") = "WarehouseMaster", "WarehouseMaster\WarehouseMaster.csproj", "{1F73C4EB-BCEE-41C1-BE1D-09B4325EF27E}"
EndProject
Project("{FAE04EC0-301F-11D3-BF4B-00C04F79EFBC}") = "WarehouseMaster.Data", "WarehouseMaster.Data\WarehouseMaster.Data.csproj", "{37DF59BE-8137-47E1-B571-232DF480EC10}"
EndProject
Project("{FAE04EC0-301F-11D3-BF4B-00C04F79EFBC}") = "WarehouseMaster.Core", "WarehouseMaster.Core\WarehouseMaster.Core.csproj", "{6F92E5CB-4537-4489-86C0-548D20C21C2E}"
EndProject
Project("{FAE04EC0-301F-11D3-BF4B-00C04F79EFBC}") = "WarehouseMaster.Domain", "WarehouseMaster.Domain\WarehouseMaster.Domain.csproj", "{2F44E1AD-0738-4A5D-BA3C-BAE387A8A016}"
EndProject
Project("{FAE04EC0-301F-11D3-BF4B-00C04F79EFBC}") = "WarehouseMaster.Common", "WarehouseMaster.Common\WarehouseMaster.Common.csproj", "{622902F6-FACB-4115-B430-432B827A1914}"
EndProject
Global
	GlobalSection(SolutionConfigurationPlatforms) = preSolution
		Debug|Any CPU = Debug|Any CPU
		Release|Any CPU = Release|Any CPU
	EndGlobalSection
	GlobalSection(ProjectConfigurationPlatforms) = postSolution
		{1F73C4EB-BCEE-41C1-BE1D-09B4325EF27E}.Debug|Any CPU.ActiveCfg = Debug|Any CPU
		{1F73C4EB-BCEE-41C1-BE1D-09B4325EF27E}.Debug|Any CPU.Build.0 = Debug|Any CPU
		{1F73C4EB-BCEE-41C1-BE1D-09B4325EF27E}.Release|Any CPU.ActiveCfg = Release|Any CPU
		{1F73C4EB-BCEE-41C1-BE1D-09B4325EF27E}.Release|Any CPU.Build.0 = Release|Any CPU
		{37DF59BE-8137-47E1-B571-232DF480EC10}.Debug|Any CPU.ActiveCfg = Debug|Any CPU
		{37DF59BE-8137-47E1-B571-232DF480EC10}.Debug|Any CPU.Build.0 = Debug|Any CPU
		{37DF59BE-8137-47E1-B571-232DF480EC10}.Release|Any CPU.ActiveCfg = Release|Any CPU
		{37DF59BE-8137-47E1-B571-232DF480EC10}.Release|Any CPU.Build.0 = Release|Any CPU
		{6F92E5CB-4537-4489-86C0-548D20C21C2E}.Debug|Any CPU.ActiveCfg = Debug|Any CPU
		{6F92E5CB-4537-4489-86C0-548D20C21C2E}.Debug|Any CPU.Build.0 = Debug|Any CPU
		{6F92E5CB-4537-4489-86C0-548D20C21C2E}.Release|Any CPU.ActiveCfg = Release|Any CPU
		{6F92E5CB-4537-4489-86C0-548D20C21C2E}.Release|Any CPU.Build.0 = Release|Any CPU
		{2F44E1AD-0738-4A5D-BA3C-BAE387A8A016}.Debug|Any CPU.ActiveCfg = Debug|Any CPU
		{2F44E1AD-0738-4A5D-BA3C-BAE387A8A016}.Debug|Any CPU.Build.0 = Debug|Any CPU
		{2F44E1AD-0738-4A5D-BA3C-BAE387A8A016}.Release|Any CPU.ActiveCfg = Release|Any CPU
		{2F44E1AD-0738-4A5D-BA3C-BAE387A8A016}.Release|Any CPU.Build.0 = Release|Any CPU
		{622902F6-FACB-4115-B430-432B827A1914}.Debug|Any CPU.ActiveCfg = Debug|Any CPU
		{622902F6-FACB-4115-B430-432B827A1914}.Debug|Any CPU.Build.0 = Debug|Any CPU
		{622902F6-FACB-4115-B430-432B827A1914}.Release|Any CPU.ActiveCfg = Release|Any CPU
		{622902F6-FACB-4115-B430-432B827A1914}.Release|Any CPU.Build.0 = Release|Any CPU
	EndGlobalSection
	GlobalSection(SolutionProperties) = preSolution
		HideSolutionNode = FALSE
	EndGlobalSection
	GlobalSection(ExtensibilityGlobals) = postSolution
		SolutionGuid = {D5FB9105-66B0-470B-949B-48B46BA67090}
	EndGlobalSection
EndGlobal
